// !$*UTF8*$!
{
	archiveVersion = 1;
	classes = {
	};
	objectVersion = 77;
	objects = {

/* Begin PBXBuildFile section */
		7E6C1CAB2F0C0282000AE92A /* RoomScanView.swift in Sources */ = {isa = PBXBuildFile; fileRef = 7E6C1CA52F0C0282000AE92A /* RoomScanView.swift */; };
		7E6C1CAC2F0C0282000AE92A /* ContentView.swift in Sources */ = {isa = PBXBuildFile; fileRef = 7E6C1C902F0C0282000AE92A /* ContentView.swift */; };
		7E6C1CAD2F0C0282000AE92A /* DimensionsView.swift in Sources */ = {isa = PBXBuildFile; fileRef = 7E6C1CA02F0C0282000AE92A /* DimensionsView.swift */; };
		7E6C1CAE2F0C0282000AE92A /* RoomModel.swift in Sources */ = {isa = PBXBuildFile; fileRef = 7E6C1C952F0C0282000AE92A /* RoomModel.swift */; };
		7E6C1CB02F0C0282000AE92A /* HomeView.swift in Sources */ = {isa = PBXBuildFile; fileRef = 7E6C1C9E2F0C0282000AE92A /* HomeView.swift */; };
		7E6C1CB12F0C0282000AE92A /* CapturedRoomProcessor.swift in Sources */ = {isa = PBXBuildFile; fileRef = 7E6C1C992F0C0282000AE92A /* CapturedRoomProcessor.swift */; };
		7E6C1CB22F0C0282000AE92A /* simd+Extensions.swift in Sources */ = {isa = PBXBuildFile; fileRef = 7E6C1C932F0C0282000AE92A /* simd+Extensions.swift */; };
		7E6C1CB32F0C0282000AE92A /* RoomCaptureService.swift in Sources */ = {isa = PBXBuildFile; fileRef = 7E6C1C9A2F0C0282000AE92A /* RoomCaptureService.swift */; };
		7E6C1CB42F0C0282000AE92A /* ReportView.swift in Sources */ = {isa = PBXBuildFile; fileRef = 7E6C1CA22F0C0282000AE92A /* ReportView.swift */; };
		7E6C1CB52F0C0282000AE92A /* CommonViews.swift in Sources */ = {isa = PBXBuildFile; fileRef = 7E6C1C9D2F0C0282000AE92A /* CommonViews.swift */; };
		7E6C1CB62F0C0282000AE92A /* RoomScannerApp.swift in Sources */ = {isa = PBXBuildFile; fileRef = 7E6C1C912F0C0282000AE92A /* RoomScannerApp.swift */; };
		7E6C1CB72F0C0282000AE92A /* AppState.swift in Sources */ = {isa = PBXBuildFile; fileRef = 7E6C1C8F2F0C0282000AE92A /* AppState.swift */; };
		7E6C1CB82F0C0282000AE92A /* RoomExporter.swift in Sources */ = {isa = PBXBuildFile; fileRef = 7E6C1C972F0C0282000AE92A /* RoomExporter.swift */; };
		7E6C1D112F0C0283000AE92A /* GeminiConfig.swift in Sources */ = {isa = PBXBuildFile; fileRef = 7E6C1D012F0C0283000AE92A /* GeminiConfig.swift */; };
		7E6C1D122F0C0283000AE92A /* GeminiAPIKey.plist in Resources */ = {isa = PBXBuildFile; fileRef = 7E6C1D022F0C0283000AE92A /* GeminiAPIKey.plist */; };
		7E6C1D132F0C0283000AE92A /* DamageModel.swift in Sources */ = {isa = PBXBuildFile; fileRef = 7E6C1D032F0C0283000AE92A /* DamageModel.swift */; };
		7E6C1D142F0C0283000AE92A /* GeminiService.swift in Sources */ = {isa = PBXBuildFile; fileRef = 7E6C1D042F0C0283000AE92A /* GeminiService.swift */; };
		7E6C1D152F0C0283000AE92A /* DamageAnalysisService.swift in Sources */ = {isa = PBXBuildFile; fileRef = 7E6C1D052F0C0283000AE92A /* DamageAnalysisService.swift */; };
		7E6C1D162F0C0283000AE92A /* ImageCaptureHelper.swift in Sources */ = {isa = PBXBuildFile; fileRef = 7E6C1D062F0C0283000AE92A /* ImageCaptureHelper.swift */; };
		7E6C1D172F0C0283000AE92A /* DamageComponents.swift in Sources */ = {isa = PBXBuildFile; fileRef = 7E6C1D072F0C0283000AE92A /* DamageComponents.swift */; };
		7E6C1D182F0C0283000AE92A /* DamageAnalysisView.swift in Sources */ = {isa = PBXBuildFile; fileRef = 7E6C1D082F0C0283000AE92A /* DamageAnalysisView.swift */; };
		7E6C1D192F0C0283000AE92A /* DamageResultsView.swift in Sources */ = {isa = PBXBuildFile; fileRef = 7E6C1D092F0C0283000AE92A /* DamageResultsView.swift */; };
		7E6C1D1A2F0C0283000AE92A /* DamageDetailView.swift in Sources */ = {isa = PBXBuildFile; fileRef = 7E6C1D0A2F0C0283000AE92A /* DamageDetailView.swift */; };
		7E6C1D1B2F0C0284000AE92A /* ARFrameCaptureService.swift in Sources */ = {isa = PBXBuildFile; fileRef = 7E6C1D1C2F0C0284000AE92A /* ARFrameCaptureService.swift */; };
		7E6C1D1E2F0C0285000AE92A /* DamageSizeCalculator.swift in Sources */ = {isa = PBXBuildFile; fileRef = 7E6C1D1D2F0C0285000AE92A /* DamageSizeCalculator.swift */; };
		7E6C1D242F0C0286000AE92A /* DepthCaptureView.swift in Sources */ = {isa = PBXBuildFile; fileRef = 7E6C1D232F0C0286000AE92A /* DepthCaptureView.swift */; };
		7E6C1D252F0C0287000AE92A /* RoomModelViewer.swift in Sources */ = {isa = PBXBuildFile; fileRef = 7E6C1D262F0C0287000AE92A /* RoomModelViewer.swift */; };
/* End PBXBuildFile section */

/* Begin PBXFileReference section */
		7E6C1C8F2F0C0282000AE92A /* AppState.swift */ = {isa = PBXFileReference; lastKnownFileType = sourcecode.swift; path = AppState.swift; sourceTree = "<group>"; };
		7E6C1C902F0C0282000AE92A /* ContentView.swift */ = {isa = PBXFileReference; lastKnownFileType = sourcecode.swift; path = ContentView.swift; sourceTree = "<group>"; };
		7E6C1C912F0C0282000AE92A /* RoomScannerApp.swift */ = {isa = PBXFileReference; lastKnownFileType = sourcecode.swift; path = RoomScannerApp.swift; sourceTree = "<group>"; };
		7E6C1C932F0C0282000AE92A /* simd+Extensions.swift */ = {isa = PBXFileReference; lastKnownFileType = sourcecode.swift; path = "simd+Extensions.swift"; sourceTree = "<group>"; };
		7E6C1C952F0C0282000AE92A /* RoomModel.swift */ = {isa = PBXFileReference; lastKnownFileType = sourcecode.swift; path = RoomModel.swift; sourceTree = "<group>"; };
		7E6C1C972F0C0282000AE92A /* RoomExporter.swift */ = {isa = PBXFileReference; lastKnownFileType = sourcecode.swift; path = RoomExporter.swift; sourceTree = "<group>"; };
		7E6C1C992F0C0282000AE92A /* CapturedRoomProcessor.swift */ = {isa = PBXFileReference; lastKnownFileType = sourcecode.swift; path = CapturedRoomProcessor.swift; sourceTree = "<group>"; };
		7E6C1C9A2F0C0282000AE92A /* RoomCaptureService.swift */ = {isa = PBXFileReference; lastKnownFileType = sourcecode.swift; path = RoomCaptureService.swift; sourceTree = "<group>"; };
		7E6C1C9D2F0C0282000AE92A /* CommonViews.swift */ = {isa = PBXFileReference; lastKnownFileType = sourcecode.swift; path = CommonViews.swift; sourceTree = "<group>"; };
		7E6C1C9E2F0C0282000AE92A /* HomeView.swift */ = {isa = PBXFileReference; lastKnownFileType = sourcecode.swift; path = HomeView.swift; sourceTree = "<group>"; };
		7E6C1CA02F0C0282000AE92A /* DimensionsView.swift */ = {isa = PBXFileReference; lastKnownFileType = sourcecode.swift; path = DimensionsView.swift; sourceTree = "<group>"; };
		7E6C1CA22F0C0282000AE92A /* ReportView.swift */ = {isa = PBXFileReference; lastKnownFileType = sourcecode.swift; path = ReportView.swift; sourceTree = "<group>"; };
		7E6C1CA52F0C0282000AE92A /* RoomScanView.swift */ = {isa = PBXFileReference; lastKnownFileType = sourcecode.swift; path = RoomScanView.swift; sourceTree = "<group>"; };
		7E6C1CA82F0C0282000AE92A /* Info.plist */ = {isa = PBXFileReference; lastKnownFileType = text.plist.xml; path = Info.plist; sourceTree = "<group>"; };
		7E6C1D012F0C0283000AE92A /* GeminiConfig.swift */ = {isa = PBXFileReference; lastKnownFileType = sourcecode.swift; path = GeminiConfig.swift; sourceTree = "<group>"; };
		7E6C1D022F0C0283000AE92A /* GeminiAPIKey.plist */ = {isa = PBXFileReference; lastKnownFileType = text.plist.xml; path = GeminiAPIKey.plist; sourceTree = "<group>"; };
		7E6C1D032F0C0283000AE92A /* DamageModel.swift */ = {isa = PBXFileReference; lastKnownFileType = sourcecode.swift; path = DamageModel.swift; sourceTree = "<group>"; };
		7E6C1D042F0C0283000AE92A /* GeminiService.swift */ = {isa = PBXFileReference; lastKnownFileType = sourcecode.swift; path = GeminiService.swift; sourceTree = "<group>"; };
		7E6C1D052F0C0283000AE92A /* DamageAnalysisService.swift */ = {isa = PBXFileReference; lastKnownFileType = sourcecode.swift; path = DamageAnalysisService.swift; sourceTree = "<group>"; };
		7E6C1D062F0C0283000AE92A /* ImageCaptureHelper.swift */ = {isa = PBXFileReference; lastKnownFileType = sourcecode.swift; path = ImageCaptureHelper.swift; sourceTree = "<group>"; };
		7E6C1D072F0C0283000AE92A /* DamageComponents.swift */ = {isa = PBXFileReference; lastKnownFileType = sourcecode.swift; path = DamageComponents.swift; sourceTree = "<group>"; };
		7E6C1D082F0C0283000AE92A /* DamageAnalysisView.swift */ = {isa = PBXFileReference; lastKnownFileType = sourcecode.swift; path = DamageAnalysisView.swift; sourceTree = "<group>"; };
		7E6C1D092F0C0283000AE92A /* DamageResultsView.swift */ = {isa = PBXFileReference; lastKnownFileType = sourcecode.swift; path = DamageResultsView.swift; sourceTree = "<group>"; };
		7E6C1D0A2F0C0283000AE92A /* DamageDetailView.swift */ = {isa = PBXFileReference; lastKnownFileType = sourcecode.swift; path = DamageDetailView.swift; sourceTree = "<group>"; };
		7E6C1D1C2F0C0284000AE92A /* ARFrameCaptureService.swift */ = {isa = PBXFileReference; lastKnownFileType = sourcecode.swift; path = ARFrameCaptureService.swift; sourceTree = "<group>"; };
		7E6C1D1D2F0C0285000AE92A /* DamageSizeCalculator.swift */ = {isa = PBXFileReference; lastKnownFileType = sourcecode.swift; path = DamageSizeCalculator.swift; sourceTree = "<group>"; };
		7E6C1D232F0C0286000AE92A /* DepthCaptureView.swift */ = {isa = PBXFileReference; lastKnownFileType = sourcecode.swift; path = DepthCaptureView.swift; sourceTree = "<group>"; };
		7E6C1D262F0C0287000AE92A /* RoomModelViewer.swift */ = {isa = PBXFileReference; lastKnownFileType = sourcecode.swift; path = RoomModelViewer.swift; sourceTree = "<group>"; };
		7EA7734F2F0BE7FA00907D2C /* FixzyRoomScanner.app */ = {isa = PBXFileReference; explicitFileType = wrapper.application; includeInIndex = 0; path = FixzyRoomScanner.app; sourceTree = BUILT_PRODUCTS_DIR; };
/* End PBXFileReference section */

/* Begin PBXFrameworksBuildPhase section */
		7EA7734C2F0BE7FA00907D2C /* Frameworks */ = {
			isa = PBXFrameworksBuildPhase;
			buildActionMask = 2147483647;
			files = (
			);
			runOnlyForDeploymentPostprocessing = 0;
		};
/* End PBXFrameworksBuildPhase section */

/* Begin PBXGroup section */
		7E6C1C922F0C0282000AE92A /* App */ = {
			isa = PBXGroup;
			children = (
				7E6C1C8F2F0C0282000AE92A /* AppState.swift */,
				7E6C1C902F0C0282000AE92A /* ContentView.swift */,
				7E6C1C912F0C0282000AE92A /* RoomScannerApp.swift */,
			);
			path = App;
			sourceTree = "<group>";
		};
		7E6C1C942F0C0282000AE92A /* Extensions */ = {
			isa = PBXGroup;
			children = (
				7E6C1C932F0C0282000AE92A /* simd+Extensions.swift */,
			);
			path = Extensions;
			sourceTree = "<group>";
		};
		7E6C1C962F0C0282000AE92A /* Models */ = {
			isa = PBXGroup;
			children = (
				7E6C1C952F0C0282000AE92A /* RoomModel.swift */,
				7E6C1D032F0C0283000AE92A /* DamageModel.swift */,
			);
			path = Models;
			sourceTree = "<group>";
		};
		7E6C1C982F0C0282000AE92A /* Export */ = {
			isa = PBXGroup;
			children = (
				7E6C1C972F0C0282000AE92A /* RoomExporter.swift */,
			);
			path = Export;
			sourceTree = "<group>";
		};
		7E6C1C9B2F0C0282000AE92A /* RoomCapture */ = {
			isa = PBXGroup;
			children = (
				7E6C1C992F0C0282000AE92A /* CapturedRoomProcessor.swift */,
				7E6C1C9A2F0C0282000AE92A /* RoomCaptureService.swift */,
			);
			path = RoomCapture;
			sourceTree = "<group>";
		};
		7E6C1C9C2F0C0282000AE92A /* Services */ = {
			isa = PBXGroup;
			children = (
				7E6C1D212F0C0283000AE92A /* DamageDetection */,
				7E6C1C982F0C0282000AE92A /* Export */,
				7E6C1C9B2F0C0282000AE92A /* RoomCapture */,
			);
			path = Services;
			sourceTree = "<group>";
		};
		7E6C1C9F2F0C0282000AE92A /* Common */ = {
			isa = PBXGroup;
			children = (
				7E6C1C9D2F0C0282000AE92A /* CommonViews.swift */,
				7E6C1C9E2F0C0282000AE92A /* HomeView.swift */,
			);
			path = Common;
			sourceTree = "<group>";
		};
		7E6C1CA12F0C0282000AE92A /* Dimensions */ = {
			isa = PBXGroup;
			children = (
				7E6C1CA02F0C0282000AE92A /* DimensionsView.swift */,
				7E6C1D262F0C0287000AE92A /* RoomModelViewer.swift */,
			);
			path = Dimensions;
			sourceTree = "<group>";
		};
		7E6C1CA32F0C0282000AE92A /* Report */ = {
			isa = PBXGroup;
			children = (
				7E6C1CA22F0C0282000AE92A /* ReportView.swift */,
			);
			path = Report;
			sourceTree = "<group>";
		};
		7E6C1CA62F0C0282000AE92A /* Scanning */ = {
			isa = PBXGroup;
			children = (
				7E6C1CA52F0C0282000AE92A /* RoomScanView.swift */,
			);
			path = Scanning;
			sourceTree = "<group>";
		};
		7E6C1CA72F0C0282000AE92A /* Views */ = {
			isa = PBXGroup;
			children = (
				7E6C1C9F2F0C0282000AE92A /* Common */,
				7E6C1D222F0C0283000AE92A /* DamageDetection */,
				7E6C1CA12F0C0282000AE92A /* Dimensions */,
				7E6C1CA32F0C0282000AE92A /* Report */,
				7E6C1CA62F0C0282000AE92A /* Scanning */,
			);
			path = Views;
			sourceTree = "<group>";
		};
		7E6C1CA92F0C0282000AE92A /* RoomScanner */ = {
			isa = PBXGroup;
			children = (
				7E6C1C922F0C0282000AE92A /* App */,
				7E6C1D202F0C0283000AE92A /* Config */,
				7E6C1C942F0C0282000AE92A /* Extensions */,
				7E6C1C962F0C0282000AE92A /* Models */,
				7E6C1C9C2F0C0282000AE92A /* Services */,
				7E6C1CA72F0C0282000AE92A /* Views */,
				7E6C1CA82F0C0282000AE92A /* Info.plist */,
			);
			path = RoomScanner;
			sourceTree = "<group>";
		};
		7E6C1D202F0C0283000AE92A /* Config */ = {
			isa = PBXGroup;
			children = (
				7E6C1D012F0C0283000AE92A /* GeminiConfig.swift */,
				7E6C1D022F0C0283000AE92A /* GeminiAPIKey.plist */,
			);
			path = Config;
			sourceTree = "<group>";
		};
		7E6C1D212F0C0283000AE92A /* DamageDetection */ = {
			isa = PBXGroup;
			children = (
				7E6C1D042F0C0283000AE92A /* GeminiService.swift */,
				7E6C1D052F0C0283000AE92A /* DamageAnalysisService.swift */,
				7E6C1D062F0C0283000AE92A /* ImageCaptureHelper.swift */,
				7E6C1D1C2F0C0284000AE92A /* ARFrameCaptureService.swift */,
				7E6C1D1D2F0C0285000AE92A /* DamageSizeCalculator.swift */,
			);
			path = DamageDetection;
			sourceTree = "<group>";
		};
		7E6C1D222F0C0283000AE92A /* DamageDetection */ = {
			isa = PBXGroup;
			children = (
				7E6C1D072F0C0283000AE92A /* DamageComponents.swift */,
				7E6C1D082F0C0283000AE92A /* DamageAnalysisView.swift */,
				7E6C1D092F0C0283000AE92A /* DamageResultsView.swift */,
				7E6C1D0A2F0C0283000AE92A /* DamageDetailView.swift */,
				7E6C1D232F0C0286000AE92A /* DepthCaptureView.swift */,
			);
			path = DamageDetection;
			sourceTree = "<group>";
		};
		7EA773462F0BE7FA00907D2C = {
			isa = PBXGroup;
			children = (
				7E6C1CA92F0C0282000AE92A /* RoomScanner */,
				7EA773502F0BE7FA00907D2C /* Products */,
			);
			sourceTree = "<group>";
		};
		7EA773502F0BE7FA00907D2C /* Products */ = {
			isa = PBXGroup;
			children = (
				7EA7734F2F0BE7FA00907D2C /* FixzyRoomScanner.app */,
			);
			name = Products;
			sourceTree = "<group>";
		};
/* End PBXGroup section */

/* Begin PBXNativeTarget section */
		7EA7734E2F0BE7FA00907D2C /* FixzyRoomScanner */ = {
			isa = PBXNativeTarget;
			buildConfigurationList = 7EA7735A2F0BE7FB00907D2C /* Build configuration list for PBXNativeTarget "FixzyRoomScanner" */;
			buildPhases = (
				7EA7734B2F0BE7FA00907D2C /* Sources */,
				7EA7734C2F0BE7FA00907D2C /* Frameworks */,
				7EA7734D2F0BE7FA00907D2C /* Resources */,
			);
			buildRules = (
			);
			dependencies = (
			);
			name = FixzyRoomScanner;
			packageProductDependencies = (
			);
			productName = FixzyRoomScanner;
			productReference = 7EA7734F2F0BE7FA00907D2C /* FixzyRoomScanner.app */;
			productType = "com.apple.product-type.application";
		};
/* End PBXNativeTarget section */

/* Begin PBXProject section */
		7EA773472F0BE7FA00907D2C /* Project object */ = {
			isa = PBXProject;
			attributes = {
				BuildIndependentTargetsInParallel = 1;
				LastSwiftUpdateCheck = 2620;
				LastUpgradeCheck = 2620;
				TargetAttributes = {
					7EA7734E2F0BE7FA00907D2C = {
						CreatedOnToolsVersion = 26.2;
					};
				};
			};
			buildConfigurationList = 7EA7734A2F0BE7FA00907D2C /* Build configuration list for PBXProject "FixzyRoomScanner" */;
			developmentRegion = en;
			hasScannedForEncodings = 0;
			knownRegions = (
				en,
				Base,
			);
			mainGroup = 7EA773462F0BE7FA00907D2C;
			minimizedProjectReferenceProxies = 1;
			preferredProjectObjectVersion = 77;
			productRefGroup = 7EA773502F0BE7FA00907D2C /* Products */;
			projectDirPath = "";
			projectRoot = "";
			targets = (
				7EA7734E2F0BE7FA00907D2C /* FixzyRoomScanner */,
			);
		};
/* End PBXProject section */

/* Begin PBXResourcesBuildPhase section */
		7EA7734D2F0BE7FA00907D2C /* Resources */ = {
			isa = PBXResourcesBuildPhase;
			buildActionMask = 2147483647;
			files = (
				7E6C1D122F0C0283000AE92A /* GeminiAPIKey.plist in Resources */,
			);
			runOnlyForDeploymentPostprocessing = 0;
		};
/* End PBXResourcesBuildPhase section */

/* Begin PBXSourcesBuildPhase section */
		7EA7734B2F0BE7FA00907D2C /* Sources */ = {
			isa = PBXSourcesBuildPhase;
			buildActionMask = 2147483647;
			files = (
				7E6C1CAB2F0C0282000AE92A /* RoomScanView.swift in Sources */,
				7E6C1CAC2F0C0282000AE92A /* ContentView.swift in Sources */,
				7E6C1CAD2F0C0282000AE92A /* DimensionsView.swift in Sources */,
				7E6C1CAE2F0C0282000AE92A /* RoomModel.swift in Sources */,
				7E6C1CB02F0C0282000AE92A /* HomeView.swift in Sources */,
				7E6C1CB12F0C0282000AE92A /* CapturedRoomProcessor.swift in Sources */,
				7E6C1CB22F0C0282000AE92A /* simd+Extensions.swift in Sources */,
				7E6C1CB32F0C0282000AE92A /* RoomCaptureService.swift in Sources */,
				7E6C1CB42F0C0282000AE92A /* ReportView.swift in Sources */,
				7E6C1CB52F0C0282000AE92A /* CommonViews.swift in Sources */,
				7E6C1CB62F0C0282000AE92A /* RoomScannerApp.swift in Sources */,
				7E6C1CB72F0C0282000AE92A /* AppState.swift in Sources */,
				7E6C1CB82F0C0282000AE92A /* RoomExporter.swift in Sources */,
				7E6C1D112F0C0283000AE92A /* GeminiConfig.swift in Sources */,
				7E6C1D132F0C0283000AE92A /* DamageModel.swift in Sources */,
				7E6C1D142F0C0283000AE92A /* GeminiService.swift in Sources */,
				7E6C1D152F0C0283000AE92A /* DamageAnalysisService.swift in Sources */,
				7E6C1D162F0C0283000AE92A /* ImageCaptureHelper.swift in Sources */,
				7E6C1D172F0C0283000AE92A /* DamageComponents.swift in Sources */,
				7E6C1D182F0C0283000AE92A /* DamageAnalysisView.swift in Sources */,
				7E6C1D192F0C0283000AE92A /* DamageResultsView.swift in Sources */,
				7E6C1D1A2F0C0283000AE92A /* DamageDetailView.swift in Sources */,
				7E6C1D1B2F0C0284000AE92A /* ARFrameCaptureService.swift in Sources */,
				7E6C1D1E2F0C0285000AE92A /* DamageSizeCalculator.swift in Sources */,
				7E6C1D242F0C0286000AE92A /* DepthCaptureView.swift in Sources */,
				7E6C1D252F0C0287000AE92A /* RoomModelViewer.swift in Sources */,
			);
			runOnlyForDeploymentPostprocessing = 0;
		};
/* End PBXSourcesBuildPhase section */

/* Begin XCBuildConfiguration section */
		7EA773582F0BE7FB00907D2C /* Debug */ = {
			isa = XCBuildConfiguration;
			buildSettings = {
				ALWAYS_SEARCH_USER_PATHS = NO;
				ASSETCATALOG_COMPILER_GENERATE_SWIFT_ASSET_SYMBOL_EXTENSIONS = YES;
				CLANG_ANALYZER_NONNULL = YES;
				CLANG_ANALYZER_NUMBER_OBJECT_CONVERSION = YES_AGGRESSIVE;
				CLANG_CXX_LANGUAGE_STANDARD = "gnu++20";
				CLANG_ENABLE_MODULES = YES;
				CLANG_ENABLE_OBJC_ARC = YES;
				CLANG_ENABLE_OBJC_WEAK = YES;
				CLANG_WARN_BLOCK_CAPTURE_AUTORELEASING = YES;
				CLANG_WARN_BOOL_CONVERSION = YES;
				CLANG_WARN_COMMA = YES;
				CLANG_WARN_CONSTANT_CONVERSION = YES;
				CLANG_WARN_DEPRECATED_OBJC_IMPLEMENTATIONS = YES;
				CLANG_WARN_DIRECT_OBJC_ISA_USAGE = YES_ERROR;
				CLANG_WARN_DOCUMENTATION_COMMENTS = YES;
				CLANG_WARN_EMPTY_BODY = YES;
				CLANG_WARN_ENUM_CONVERSION = YES;
				CLANG_WARN_INFINITE_RECURSION = YES;
				CLANG_WARN_INT_CONVERSION = YES;
				CLANG_WARN_NON_LITERAL_NULL_CONVERSION = YES;
				CLANG_WARN_OBJC_IMPLICIT_RETAIN_SELF = YES;
				CLANG_WARN_OBJC_LITERAL_CONVERSION = YES;
				CLANG_WARN_OBJC_ROOT_CLASS = YES_ERROR;
				CLANG_WARN_QUOTED_INCLUDE_IN_FRAMEWORK_HEADER = YES;
				CLANG_WARN_RANGE_LOOP_ANALYSIS = YES;
				CLANG_WARN_STRICT_PROTOTYPES = YES;
				CLANG_WARN_SUSPICIOUS_MOVE = YES;
				CLANG_WARN_UNGUARDED_AVAILABILITY = YES_AGGRESSIVE;
				CLANG_WARN_UNREACHABLE_CODE = YES;
				CLANG_WARN__DUPLICATE_METHOD_MATCH = YES;
				COPY_PHASE_STRIP = NO;
				DEBUG_INFORMATION_FORMAT = dwarf;
				DEVELOPMENT_TEAM = BU9RD766GN;
				ENABLE_STRICT_OBJC_MSGSEND = YES;
				ENABLE_TESTABILITY = YES;
				ENABLE_USER_SCRIPT_SANDBOXING = YES;
				GCC_C_LANGUAGE_STANDARD = gnu17;
				GCC_DYNAMIC_NO_PIC = NO;
				GCC_NO_COMMON_BLOCKS = YES;
				GCC_OPTIMIZATION_LEVEL = 0;
				GCC_PREPROCESSOR_DEFINITIONS = (
					"DEBUG=1",
					"$(inherited)",
				);
				GCC_WARN_64_TO_32_BIT_CONVERSION = YES;
				GCC_WARN_ABOUT_RETURN_TYPE = YES_ERROR;
				GCC_WARN_UNDECLARED_SELECTOR = YES;
				GCC_WARN_UNINITIALIZED_AUTOS = YES_AGGRESSIVE;
				GCC_WARN_UNUSED_FUNCTION = YES;
				GCC_WARN_UNUSED_VARIABLE = YES;
				LOCALIZATION_PREFERS_STRING_CATALOGS = YES;
				MTL_ENABLE_DEBUG_INFO = INCLUDE_SOURCE;
				MTL_FAST_MATH = YES;
				ONLY_ACTIVE_ARCH = YES;
				SWIFT_ACTIVE_COMPILATION_CONDITIONS = "DEBUG $(inherited)";
				SWIFT_OPTIMIZATION_LEVEL = "-Onone";
			};
			name = Debug;
		};
		7EA773592F0BE7FB00907D2C /* Release */ = {
			isa = XCBuildConfiguration;
			buildSettings = {
				ALWAYS_SEARCH_USER_PATHS = NO;
				ASSETCATALOG_COMPILER_GENERATE_SWIFT_ASSET_SYMBOL_EXTENSIONS = YES;
				CLANG_ANALYZER_NONNULL = YES;
				CLANG_ANALYZER_NUMBER_OBJECT_CONVERSION = YES_AGGRESSIVE;
				CLANG_CXX_LANGUAGE_STANDARD = "gnu++20";
				CLANG_ENABLE_MODULES = YES;
				CLANG_ENABLE_OBJC_ARC = YES;
				CLANG_ENABLE_OBJC_WEAK = YES;
				CLANG_WARN_BLOCK_CAPTURE_AUTORELEASING = YES;
				CLANG_WARN_BOOL_CONVERSION = YES;
				CLANG_WARN_COMMA = YES;
				CLANG_WARN_CONSTANT_CONVERSION = YES;
				CLANG_WARN_DEPRECATED_OBJC_IMPLEMENTATIONS = YES;
				CLANG_WARN_DIRECT_OBJC_ISA_USAGE = YES_ERROR;
				CLANG_WARN_DOCUMENTATION_COMMENTS = YES;
				CLANG_WARN_EMPTY_BODY = YES;
				CLANG_WARN_ENUM_CONVERSION = YES;
				CLANG_WARN_INFINITE_RECURSION = YES;
				CLANG_WARN_INT_CONVERSION = YES;
				CLANG_WARN_NON_LITERAL_NULL_CONVERSION = YES;
				CLANG_WARN_OBJC_IMPLICIT_RETAIN_SELF = YES;
				CLANG_WARN_OBJC_LITERAL_CONVERSION = YES;
				CLANG_WARN_OBJC_ROOT_CLASS = YES_ERROR;
				CLANG_WARN_QUOTED_INCLUDE_IN_FRAMEWORK_HEADER = YES;
				CLANG_WARN_RANGE_LOOP_ANALYSIS = YES;
				CLANG_WARN_STRICT_PROTOTYPES = YES;
				CLANG_WARN_SUSPICIOUS_MOVE = YES;
				CLANG_WARN_UNGUARDED_AVAILABILITY = YES_AGGRESSIVE;
				CLANG_WARN_UNREACHABLE_CODE = YES;
				CLANG_WARN__DUPLICATE_METHOD_MATCH = YES;
				COPY_PHASE_STRIP = NO;
				DEBUG_INFORMATION_FORMAT = "dwarf-with-dsym";
				DEVELOPMENT_TEAM = BU9RD766GN;
				ENABLE_NS_ASSERTIONS = NO;
				ENABLE_STRICT_OBJC_MSGSEND = YES;
				ENABLE_USER_SCRIPT_SANDBOXING = YES;
				GCC_C_LANGUAGE_STANDARD = gnu17;
				GCC_NO_COMMON_BLOCKS = YES;
				GCC_WARN_64_TO_32_BIT_CONVERSION = YES;
				GCC_WARN_ABOUT_RETURN_TYPE = YES_ERROR;
				GCC_WARN_UNDECLARED_SELECTOR = YES;
				GCC_WARN_UNINITIALIZED_AUTOS = YES_AGGRESSIVE;
				GCC_WARN_UNUSED_FUNCTION = YES;
				GCC_WARN_UNUSED_VARIABLE = YES;
				LOCALIZATION_PREFERS_STRING_CATALOGS = YES;
				MTL_ENABLE_DEBUG_INFO = NO;
				MTL_FAST_MATH = YES;
				SWIFT_COMPILATION_MODE = wholemodule;
			};
			name = Release;
		};
		7EA7735B2F0BE7FB00907D2C /* Debug */ = {
			isa = XCBuildConfiguration;
			buildSettings = {
				ASSETCATALOG_COMPILER_APPICON_NAME = AppIcon;
				ASSETCATALOG_COMPILER_GLOBAL_ACCENT_COLOR_NAME = AccentColor;
				CODE_SIGN_STYLE = Automatic;
				CURRENT_PROJECT_VERSION = 1;
				DEVELOPMENT_TEAM = BU9RD766GN;
				ENABLE_APP_SANDBOX = YES;
				ENABLE_HARDENED_RUNTIME = YES;
				ENABLE_PREVIEWS = YES;
				ENABLE_USER_SELECTED_FILES = readonly;
				GENERATE_INFOPLIST_FILE = YES;
				INFOPLIST_KEY_NSCameraUsageDescription = "Camera access is required to scan rooms using LiDAR and create 3D models.";
				"INFOPLIST_KEY_UIApplicationSceneManifest_Generation[sdk=iphoneos*]" = YES;
				"INFOPLIST_KEY_UIApplicationSceneManifest_Generation[sdk=iphonesimulator*]" = YES;
				"INFOPLIST_KEY_UIApplicationSupportsIndirectInputEvents[sdk=iphoneos*]" = YES;
				"INFOPLIST_KEY_UIApplicationSupportsIndirectInputEvents[sdk=iphonesimulator*]" = YES;
				"INFOPLIST_KEY_UILaunchScreen_Generation[sdk=iphoneos*]" = YES;
				"INFOPLIST_KEY_UILaunchScreen_Generation[sdk=iphonesimulator*]" = YES;
				"INFOPLIST_KEY_UIStatusBarStyle[sdk=iphoneos*]" = UIStatusBarStyleDefault;
				"INFOPLIST_KEY_UIStatusBarStyle[sdk=iphonesimulator*]" = UIStatusBarStyleDefault;
				INFOPLIST_KEY_UISupportedInterfaceOrientations = UIInterfaceOrientationPortrait;
				IPHONEOS_DEPLOYMENT_TARGET = 18.6;
				LD_RUNPATH_SEARCH_PATHS = "@executable_path/Frameworks";
				"LD_RUNPATH_SEARCH_PATHS[sdk=macosx*]" = "@executable_path/../Frameworks";
				MACOSX_DEPLOYMENT_TARGET = 26.2;
				MARKETING_VERSION = 1.0;
				PRODUCT_BUNDLE_IDENTIFIER = co.klair.FixzyRoomScanner;
				PRODUCT_NAME = "$(TARGET_NAME)";
				REGISTER_APP_GROUPS = YES;
				SDKROOT = auto;
				STRING_CATALOG_GENERATE_SYMBOLS = YES;
				SUPPORTED_PLATFORMS = "iphoneos iphonesimulator";
				SUPPORTS_MACCATALYST = NO;
				SWIFT_APPROACHABLE_CONCURRENCY = YES;
				SWIFT_DEFAULT_ACTOR_ISOLATION = MainActor;
				SWIFT_EMIT_LOC_STRINGS = YES;
				SWIFT_UPCOMING_FEATURE_MEMBER_IMPORT_VISIBILITY = YES;
				SWIFT_VERSION = 5.0;
				TARGETED_DEVICE_FAMILY = "1,2";
				XROS_DEPLOYMENT_TARGET = 26.2;
			};
			name = Debug;
		};
		7EA7735C2F0BE7FB00907D2C /* Release */ = {
			isa = XCBuildConfiguration;
			buildSettings = {
				ASSETCATALOG_COMPILER_APPICON_NAME = AppIcon;
				ASSETCATALOG_COMPILER_GLOBAL_ACCENT_COLOR_NAME = AccentColor;
				CODE_SIGN_STYLE = Automatic;
				CURRENT_PROJECT_VERSION = 1;
				DEVELOPMENT_TEAM = BU9RD766GN;
				ENABLE_APP_SANDBOX = YES;
				ENABLE_HARDENED_RUNTIME = YES;
				ENABLE_PREVIEWS = YES;
				ENABLE_USER_SELECTED_FILES = readonly;
				GENERATE_INFOPLIST_FILE = YES;
				INFOPLIST_KEY_NSCameraUsageDescription = "Camera access is required to scan rooms using LiDAR and create 3D models.";
				"INFOPLIST_KEY_UIApplicationSceneManifest_Generation[sdk=iphoneos*]" = YES;
				"INFOPLIST_KEY_UIApplicationSceneManifest_Generation[sdk=iphonesimulator*]" = YES;
				"INFOPLIST_KEY_UIApplicationSupportsIndirectInputEvents[sdk=iphoneos*]" = YES;
				"INFOPLIST_KEY_UIApplicationSupportsIndirectInputEvents[sdk=iphonesimulator*]" = YES;
				"INFOPLIST_KEY_UILaunchScreen_Generation[sdk=iphoneos*]" = YES;
				"INFOPLIST_KEY_UILaunchScreen_Generation[sdk=iphonesimulator*]" = YES;
				"INFOPLIST_KEY_UIStatusBarStyle[sdk=iphoneos*]" = UIStatusBarStyleDefault;
				"INFOPLIST_KEY_UIStatusBarStyle[sdk=iphonesimulator*]" = UIStatusBarStyleDefault;
				INFOPLIST_KEY_UISupportedInterfaceOrientations = UIInterfaceOrientationPortrait;
				IPHONEOS_DEPLOYMENT_TARGET = 18.6;
				LD_RUNPATH_SEARCH_PATHS = "@executable_path/Frameworks";
				"LD_RUNPATH_SEARCH_PATHS[sdk=macosx*]" = "@executable_path/../Frameworks";
				MACOSX_DEPLOYMENT_TARGET = 26.2;
				MARKETING_VERSION = 1.0;
				PRODUCT_BUNDLE_IDENTIFIER = co.klair.FixzyRoomScanner;
				PRODUCT_NAME = "$(TARGET_NAME)";
				REGISTER_APP_GROUPS = YES;
				SDKROOT = auto;
				STRING_CATALOG_GENERATE_SYMBOLS = YES;
				SUPPORTED_PLATFORMS = "iphoneos iphonesimulator";
				SUPPORTS_MACCATALYST = NO;
				SWIFT_APPROACHABLE_CONCURRENCY = YES;
				SWIFT_DEFAULT_ACTOR_ISOLATION = MainActor;
				SWIFT_EMIT_LOC_STRINGS = YES;
				SWIFT_UPCOMING_FEATURE_MEMBER_IMPORT_VISIBILITY = YES;
				SWIFT_VERSION = 5.0;
				TARGETED_DEVICE_FAMILY = "1,2";
				XROS_DEPLOYMENT_TARGET = 26.2;
			};
			name = Release;
		};
/* End XCBuildConfiguration section */

/* Begin XCConfigurationList section */
		7EA7734A2F0BE7FA00907D2C /* Build configuration list for PBXProject "FixzyRoomScanner" */ = {
			isa = XCConfigurationList;
			buildConfigurations = (
				7EA773582F0BE7FB00907D2C /* Debug */,
				7EA773592F0BE7FB00907D2C /* Release */,
			);
			defaultConfigurationIsVisible = 0;
			defaultConfigurationName = Release;
		};
		7EA7735A2F0BE7FB00907D2C /* Build configuration list for PBXNativeTarget "FixzyRoomScanner" */ = {
			isa = XCConfigurationList;
			buildConfigurations = (
				7EA7735B2F0BE7FB00907D2C /* Debug */,
				7EA7735C2F0BE7FB00907D2C /* Release */,
			);
			defaultConfigurationIsVisible = 0;
			defaultConfigurationName = Release;
		};
/* End XCConfigurationList section */
	};
	rootObject = 7EA773472F0BE7FA00907D2C /* Project object */;
}
